
Microsoft Visual Studio Solution File, Format Version 12.00
# Visual Studio Version 17
VisualStudioVersion = 17.9.34714.143
MinimumVisualStudioVersion = 10.0.40219.1
Project("{FAE04EC0-301F-11D3-BF4B-00C04F79EFBC}") = "MeusCalc", "MeusCalc\MeusCalc.csproj", "{C394B763-C11C-4ED3-8A0A-9CDFB68AB3B6}"
EndProject
Project("{FAE04EC0-301F-11D3-BF4B-00C04F79EFBC}") = "MeusCalcTeste", "MeusCalcTeste\MeusCalcTeste.csproj", "{90C459AD-70F7-42E2-A036-B55A80C1A038}"
EndProject
Global
	GlobalSection(SolutionConfigurationPlatforms) = preSolution
		Debug|Any CPU = Debug|Any CPU
		Release|Any CPU = Release|Any CPU
	EndGlobalSection
	GlobalSection(ProjectConfigurationPlatforms) = postSolution
		{C394B763-C11C-4ED3-8A0A-9CDFB68AB3B6}.Debug|Any CPU.ActiveCfg = Debug|Any CPU
		{C394B763-C11C-4ED3-8A0A-9CDFB68AB3B6}.Debug|Any CPU.Build.0 = Debug|Any CPU
		{C394B763-C11C-4ED3-8A0A-9CDFB68AB3B6}.Release|Any CPU.ActiveCfg = Release|Any CPU
		{C394B763-C11C-4ED3-8A0A-9CDFB68AB3B6}.Release|Any CPU.Build.0 = Release|Any CPU
		{90C459AD-70F7-42E2-A036-B55A80C1A038}.Debug|Any CPU.ActiveCfg = Debug|Any CPU
		{90C459AD-70F7-42E2-A036-B55A80C1A038}.Debug|Any CPU.Build.0 = Debug|Any CPU
		{90C459AD-70F7-42E2-A036-B55A80C1A038}.Release|Any CPU.ActiveCfg = Release|Any CPU
		{90C459AD-70F7-42E2-A036-B55A80C1A038}.Release|Any CPU.Build.0 = Release|Any CPU
	EndGlobalSection
	GlobalSection(SolutionProperties) = preSolution
		HideSolutionNode = FALSE
	EndGlobalSection
	GlobalSection(ExtensibilityGlobals) = postSolution
		SolutionGuid = {51FEE66A-9397-4620-8303-1C7E40C5A110}
	EndGlobalSection
EndGlobal
